// !$*UTF8*$!
{
	archiveVersion = 1;
	classes = {
	};
	objectVersion = 51;
	objects = {

/* Begin PBXBuildFile section */
		5604930A26D4F34D00268D3E /* File.swift in Sources */ = {isa = PBXBuildFile; fileRef = 5604930926D4F34D00268D3E /* File.swift */; };
		562EF67526DD22E200336DB3 /* SearchTableViewCell.swift in Sources */ = {isa = PBXBuildFile; fileRef = 562EF67326DD22E200336DB3 /* SearchTableViewCell.swift */; };
		562EF67626DD22E200336DB3 /* SearchTableViewCell.xib in Resources */ = {isa = PBXBuildFile; fileRef = 562EF67426DD22E200336DB3 /* SearchTableViewCell.xib */; };
		565B11D226E4B10A00F98DD9 /* History.storyboard in Resources */ = {isa = PBXBuildFile; fileRef = 565B11D126E4B10A00F98DD9 /* History.storyboard */; };
		565B11D426E4BEDE00F98DD9 /* Filter.storyboard in Resources */ = {isa = PBXBuildFile; fileRef = 565B11D326E4BEDE00F98DD9 /* Filter.storyboard */; };
		565B11D626E4EE2300F98DD9 /* HistoryPresenter.swift in Sources */ = {isa = PBXBuildFile; fileRef = 565B11D526E4EE2300F98DD9 /* HistoryPresenter.swift */; };
		565B11D826E5007C00F98DD9 /* FilterViewController.swift in Sources */ = {isa = PBXBuildFile; fileRef = 565B11D726E5007C00F98DD9 /* FilterViewController.swift */; };
		565B11DA26E504AD00F98DD9 /* FilterPresenter.swift in Sources */ = {isa = PBXBuildFile; fileRef = 565B11D926E504AD00F98DD9 /* FilterPresenter.swift */; };
		565EEEAA26D551FE00AF60A7 /* SearchModel.swift in Sources */ = {isa = PBXBuildFile; fileRef = 565EEEA926D551FE00AF60A7 /* SearchModel.swift */; };
		5669EFF226D3A7C1001B6EC5 /* Search.storyboard in Resources */ = {isa = PBXBuildFile; fileRef = 5669EFF126D3A7C1001B6EC5 /* Search.storyboard */; };
		567B75B526D29CE500AF0EFA /* AppDelegate.swift in Sources */ = {isa = PBXBuildFile; fileRef = 567B75B426D29CE500AF0EFA /* AppDelegate.swift */; };
		567B75B726D29CE500AF0EFA /* SceneDelegate.swift in Sources */ = {isa = PBXBuildFile; fileRef = 567B75B626D29CE500AF0EFA /* SceneDelegate.swift */; };
		567B75B926D29CE500AF0EFA /* ViewController.swift in Sources */ = {isa = PBXBuildFile; fileRef = 567B75B826D29CE500AF0EFA /* ViewController.swift */; };
		567B75BC26D29CE500AF0EFA /* Main.storyboard in Resources */ = {isa = PBXBuildFile; fileRef = 567B75BA26D29CE500AF0EFA /* Main.storyboard */; };
		567B75BE26D29D0300AF0EFA /* Assets.xcassets in Resources */ = {isa = PBXBuildFile; fileRef = 567B75BD26D29D0300AF0EFA /* Assets.xcassets */; };
		567B75CC26D29D0300AF0EFA /* RecipeTests.swift in Sources */ = {isa = PBXBuildFile; fileRef = 567B75CB26D29D0300AF0EFA /* RecipeTests.swift */; };
		567B75D726D29D0400AF0EFA /* RecipeUITests.swift in Sources */ = {isa = PBXBuildFile; fileRef = 567B75D626D29D0400AF0EFA /* RecipeUITests.swift */; };
		56C465A226DE99AD002B7A89 /* HistoryViewController.swift in Sources */ = {isa = PBXBuildFile; fileRef = 56C465A126DE99AD002B7A89 /* HistoryViewController.swift */; };
		56D034EC26D3B43D00863BBA /* SearchViewController.swift in Sources */ = {isa = PBXBuildFile; fileRef = 56D034EB26D3B43D00863BBA /* SearchViewController.swift */; };
		56D034F526D3B51E00863BBA /* SearchInteractor.swift in Sources */ = {isa = PBXBuildFile; fileRef = 56D034F426D3B51E00863BBA /* SearchInteractor.swift */; };
		56D034FA26D3B57500863BBA /* SearchPresenter.swift in Sources */ = {isa = PBXBuildFile; fileRef = 56D034F926D3B57500863BBA /* SearchPresenter.swift */; };
		56D034FF26D3B59900863BBA /* SearchRouter.swift in Sources */ = {isa = PBXBuildFile; fileRef = 56D034FE26D3B59900863BBA /* SearchRouter.swift */; };
		56D0350426D3B90A00863BBA /* SearchProtocols.swift in Sources */ = {isa = PBXBuildFile; fileRef = 56D0350326D3B90A00863BBA /* SearchProtocols.swift */; };
		64A7962BB3558BB75C5E339D /* Pods_RecipeTests.framework in Frameworks */ = {isa = PBXBuildFile; fileRef = 630CA4E16075B34E0BDFBD65 /* Pods_RecipeTests.framework */; };
		E04DEB7ADE935A41C4E6D5C6 /* Pods_Recipe.framework in Frameworks */ = {isa = PBXBuildFile; fileRef = F6011568FE0E9DB2886165AA /* Pods_Recipe.framework */; };
		F599F03B917092E41F5AF4DC /* Pods_Recipe_RecipeUITests.framework in Frameworks */ = {isa = PBXBuildFile; fileRef = FAFC639A94B44869394C295E /* Pods_Recipe_RecipeUITests.framework */; };
/* End PBXBuildFile section */

/* Begin PBXContainerItemProxy section */
		567B75C826D29D0300AF0EFA /* PBXContainerItemProxy */ = {
			isa = PBXContainerItemProxy;
			containerPortal = 567B75A926D29CE400AF0EFA /* Project object */;
			proxyType = 1;
			remoteGlobalIDString = 567B75B026D29CE500AF0EFA;
			remoteInfo = Recipe;
		};
		567B75D326D29D0400AF0EFA /* PBXContainerItemProxy */ = {
			isa = PBXContainerItemProxy;
			containerPortal = 567B75A926D29CE400AF0EFA /* Project object */;
			proxyType = 1;
			remoteGlobalIDString = 567B75B026D29CE500AF0EFA;
			remoteInfo = Recipe;
		};
/* End PBXContainerItemProxy section */

/* Begin PBXFileReference section */
		2B03ACC50B1246029F6B75F4 /* Pods-Recipe-RecipeUITests.debug.xcconfig */ = {isa = PBXFileReference; includeInIndex = 1; lastKnownFileType = text.xcconfig; name = "Pods-Recipe-RecipeUITests.debug.xcconfig"; path = "Target Support Files/Pods-Recipe-RecipeUITests/Pods-Recipe-RecipeUITests.debug.xcconfig"; sourceTree = "<group>"; };
		5604930926D4F34D00268D3E /* File.swift */ = {isa = PBXFileReference; lastKnownFileType = sourcecode.swift; path = File.swift; sourceTree = "<group>"; };
		562EF67326DD22E200336DB3 /* SearchTableViewCell.swift */ = {isa = PBXFileReference; lastKnownFileType = sourcecode.swift; path = SearchTableViewCell.swift; sourceTree = "<group>"; };
		562EF67426DD22E200336DB3 /* SearchTableViewCell.xib */ = {isa = PBXFileReference; lastKnownFileType = file.xib; path = SearchTableViewCell.xib; sourceTree = "<group>"; };
		565B11D126E4B10A00F98DD9 /* History.storyboard */ = {isa = PBXFileReference; lastKnownFileType = file.storyboard; path = History.storyboard; sourceTree = "<group>"; };
		565B11D326E4BEDE00F98DD9 /* Filter.storyboard */ = {isa = PBXFileReference; lastKnownFileType = file.storyboard; path = Filter.storyboard; sourceTree = "<group>"; };
		565B11D526E4EE2300F98DD9 /* HistoryPresenter.swift */ = {isa = PBXFileReference; lastKnownFileType = sourcecode.swift; path = HistoryPresenter.swift; sourceTree = "<group>"; };
		565B11D726E5007C00F98DD9 /* FilterViewController.swift */ = {isa = PBXFileReference; lastKnownFileType = sourcecode.swift; path = FilterViewController.swift; sourceTree = "<group>"; };
		565B11D926E504AD00F98DD9 /* FilterPresenter.swift */ = {isa = PBXFileReference; lastKnownFileType = sourcecode.swift; path = FilterPresenter.swift; sourceTree = "<group>"; };
		565EEEA926D551FE00AF60A7 /* SearchModel.swift */ = {isa = PBXFileReference; lastKnownFileType = sourcecode.swift; path = SearchModel.swift; sourceTree = "<group>"; };
		5669EFF126D3A7C1001B6EC5 /* Search.storyboard */ = {isa = PBXFileReference; lastKnownFileType = file.storyboard; path = Search.storyboard; sourceTree = "<group>"; };
		567B75B126D29CE500AF0EFA /* Recipe.app */ = {isa = PBXFileReference; explicitFileType = wrapper.application; includeInIndex = 0; path = Recipe.app; sourceTree = BUILT_PRODUCTS_DIR; };
		567B75B426D29CE500AF0EFA /* AppDelegate.swift */ = {isa = PBXFileReference; lastKnownFileType = sourcecode.swift; path = AppDelegate.swift; sourceTree = "<group>"; };
		567B75B626D29CE500AF0EFA /* SceneDelegate.swift */ = {isa = PBXFileReference; lastKnownFileType = sourcecode.swift; path = SceneDelegate.swift; sourceTree = "<group>"; };
		567B75B826D29CE500AF0EFA /* ViewController.swift */ = {isa = PBXFileReference; lastKnownFileType = sourcecode.swift; path = ViewController.swift; sourceTree = "<group>"; };
		567B75BB26D29CE500AF0EFA /* Base */ = {isa = PBXFileReference; lastKnownFileType = file.storyboard; name = Base; path = Base.lproj/Main.storyboard; sourceTree = "<group>"; };
		567B75BD26D29D0300AF0EFA /* Assets.xcassets */ = {isa = PBXFileReference; lastKnownFileType = folder.assetcatalog; path = Assets.xcassets; sourceTree = "<group>"; };
		567B75C226D29D0300AF0EFA /* Info.plist */ = {isa = PBXFileReference; lastKnownFileType = text.plist.xml; path = Info.plist; sourceTree = "<group>"; };
		567B75C726D29D0300AF0EFA /* RecipeTests.xctest */ = {isa = PBXFileReference; explicitFileType = wrapper.cfbundle; includeInIndex = 0; path = RecipeTests.xctest; sourceTree = BUILT_PRODUCTS_DIR; };
		567B75CB26D29D0300AF0EFA /* RecipeTests.swift */ = {isa = PBXFileReference; lastKnownFileType = sourcecode.swift; path = RecipeTests.swift; sourceTree = "<group>"; };
		567B75CD26D29D0300AF0EFA /* Info.plist */ = {isa = PBXFileReference; lastKnownFileType = text.plist.xml; path = Info.plist; sourceTree = "<group>"; };
		567B75D226D29D0400AF0EFA /* RecipeUITests.xctest */ = {isa = PBXFileReference; explicitFileType = wrapper.cfbundle; includeInIndex = 0; path = RecipeUITests.xctest; sourceTree = BUILT_PRODUCTS_DIR; };
		567B75D626D29D0400AF0EFA /* RecipeUITests.swift */ = {isa = PBXFileReference; lastKnownFileType = sourcecode.swift; path = RecipeUITests.swift; sourceTree = "<group>"; };
		567B75D826D29D0400AF0EFA /* Info.plist */ = {isa = PBXFileReference; lastKnownFileType = text.plist.xml; path = Info.plist; sourceTree = "<group>"; };
		56C465A126DE99AD002B7A89 /* HistoryViewController.swift */ = {isa = PBXFileReference; lastKnownFileType = sourcecode.swift; path = HistoryViewController.swift; sourceTree = "<group>"; };
		56D034EB26D3B43D00863BBA /* SearchViewController.swift */ = {isa = PBXFileReference; lastKnownFileType = sourcecode.swift; path = SearchViewController.swift; sourceTree = "<group>"; };
		56D034F426D3B51E00863BBA /* SearchInteractor.swift */ = {isa = PBXFileReference; lastKnownFileType = sourcecode.swift; path = SearchInteractor.swift; sourceTree = "<group>"; };
		56D034F926D3B57500863BBA /* SearchPresenter.swift */ = {isa = PBXFileReference; lastKnownFileType = sourcecode.swift; path = SearchPresenter.swift; sourceTree = "<group>"; };
		56D034FE26D3B59900863BBA /* SearchRouter.swift */ = {isa = PBXFileReference; lastKnownFileType = sourcecode.swift; path = SearchRouter.swift; sourceTree = "<group>"; };
		56D0350326D3B90A00863BBA /* SearchProtocols.swift */ = {isa = PBXFileReference; lastKnownFileType = sourcecode.swift; path = SearchProtocols.swift; sourceTree = "<group>"; };
		630CA4E16075B34E0BDFBD65 /* Pods_RecipeTests.framework */ = {isa = PBXFileReference; explicitFileType = wrapper.framework; includeInIndex = 0; path = Pods_RecipeTests.framework; sourceTree = BUILT_PRODUCTS_DIR; };
		8001859DE6D9ABFAB4839240 /* Pods-Recipe-RecipeUITests.release.xcconfig */ = {isa = PBXFileReference; includeInIndex = 1; lastKnownFileType = text.xcconfig; name = "Pods-Recipe-RecipeUITests.release.xcconfig"; path = "Target Support Files/Pods-Recipe-RecipeUITests/Pods-Recipe-RecipeUITests.release.xcconfig"; sourceTree = "<group>"; };
		8E4B58B41DB3D452D7B11B5E /* Pods-RecipeTests.debug.xcconfig */ = {isa = PBXFileReference; includeInIndex = 1; lastKnownFileType = text.xcconfig; name = "Pods-RecipeTests.debug.xcconfig"; path = "Target Support Files/Pods-RecipeTests/Pods-RecipeTests.debug.xcconfig"; sourceTree = "<group>"; };
		9384D139ABD2C7D4AA07817A /* Pods-Recipe.release.xcconfig */ = {isa = PBXFileReference; includeInIndex = 1; lastKnownFileType = text.xcconfig; name = "Pods-Recipe.release.xcconfig"; path = "Target Support Files/Pods-Recipe/Pods-Recipe.release.xcconfig"; sourceTree = "<group>"; };
		DCD313EAB1985439F97EB95A /* Pods-Recipe.debug.xcconfig */ = {isa = PBXFileReference; includeInIndex = 1; lastKnownFileType = text.xcconfig; name = "Pods-Recipe.debug.xcconfig"; path = "Target Support Files/Pods-Recipe/Pods-Recipe.debug.xcconfig"; sourceTree = "<group>"; };
		ED0B78197E6861E9E72B2AD0 /* Pods-RecipeTests.release.xcconfig */ = {isa = PBXFileReference; includeInIndex = 1; lastKnownFileType = text.xcconfig; name = "Pods-RecipeTests.release.xcconfig"; path = "Target Support Files/Pods-RecipeTests/Pods-RecipeTests.release.xcconfig"; sourceTree = "<group>"; };
		F6011568FE0E9DB2886165AA /* Pods_Recipe.framework */ = {isa = PBXFileReference; explicitFileType = wrapper.framework; includeInIndex = 0; path = Pods_Recipe.framework; sourceTree = BUILT_PRODUCTS_DIR; };
		FAFC639A94B44869394C295E /* Pods_Recipe_RecipeUITests.framework */ = {isa = PBXFileReference; explicitFileType = wrapper.framework; includeInIndex = 0; path = Pods_Recipe_RecipeUITests.framework; sourceTree = BUILT_PRODUCTS_DIR; };
/* End PBXFileReference section */

/* Begin PBXFrameworksBuildPhase section */
		567B75AE26D29CE500AF0EFA /* Frameworks */ = {
			isa = PBXFrameworksBuildPhase;
			buildActionMask = 2147483647;
			files = (
				E04DEB7ADE935A41C4E6D5C6 /* Pods_Recipe.framework in Frameworks */,
			);
			runOnlyForDeploymentPostprocessing = 0;
		};
		567B75C426D29D0300AF0EFA /* Frameworks */ = {
			isa = PBXFrameworksBuildPhase;
			buildActionMask = 2147483647;
			files = (
				64A7962BB3558BB75C5E339D /* Pods_RecipeTests.framework in Frameworks */,
			);
			runOnlyForDeploymentPostprocessing = 0;
		};
		567B75CF26D29D0400AF0EFA /* Frameworks */ = {
			isa = PBXFrameworksBuildPhase;
			buildActionMask = 2147483647;
			files = (
				F599F03B917092E41F5AF4DC /* Pods_Recipe_RecipeUITests.framework in Frameworks */,
			);
			runOnlyForDeploymentPostprocessing = 0;
		};
/* End PBXFrameworksBuildPhase section */

/* Begin PBXGroup section */
		13DF4107A574F929662A398E /* Pods */ = {
			isa = PBXGroup;
			children = (
				DCD313EAB1985439F97EB95A /* Pods-Recipe.debug.xcconfig */,
				9384D139ABD2C7D4AA07817A /* Pods-Recipe.release.xcconfig */,
				2B03ACC50B1246029F6B75F4 /* Pods-Recipe-RecipeUITests.debug.xcconfig */,
				8001859DE6D9ABFAB4839240 /* Pods-Recipe-RecipeUITests.release.xcconfig */,
				8E4B58B41DB3D452D7B11B5E /* Pods-RecipeTests.debug.xcconfig */,
				ED0B78197E6861E9E72B2AD0 /* Pods-RecipeTests.release.xcconfig */,
			);
			path = Pods;
			sourceTree = "<group>";
		};
		56606B2126E109C6008E67E2 /* filter */ = {
			isa = PBXGroup;
			children = (
				56606B2526E109FA008E67E2 /* view */,
				56606B2426E109F1008E67E2 /* presenter */,
			);
			path = filter;
			sourceTree = "<group>";
		};
		56606B2226E109D6008E67E2 /* view */ = {
			isa = PBXGroup;
			children = (
				565B11D126E4B10A00F98DD9 /* History.storyboard */,
				56C465A126DE99AD002B7A89 /* HistoryViewController.swift */,
			);
			path = view;
			sourceTree = "<group>";
		};
		56606B2326E109E0008E67E2 /* presenter */ = {
			isa = PBXGroup;
			children = (
				565B11D526E4EE2300F98DD9 /* HistoryPresenter.swift */,
			);
			path = presenter;
			sourceTree = "<group>";
		};
		56606B2426E109F1008E67E2 /* presenter */ = {
			isa = PBXGroup;
			children = (
				565B11D926E504AD00F98DD9 /* FilterPresenter.swift */,
			);
			path = presenter;
			sourceTree = "<group>";
		};
		56606B2526E109FA008E67E2 /* view */ = {
			isa = PBXGroup;
			children = (
				565B11D326E4BEDE00F98DD9 /* Filter.storyboard */,
				565B11D726E5007C00F98DD9 /* FilterViewController.swift */,
			);
			path = view;
			sourceTree = "<group>";
		};
		5669EFA726D39A59001B6EC5 /* utils */ = {
			isa = PBXGroup;
			children = (
			);
			path = utils;
			sourceTree = "<group>";
		};
		5669EFA826D39A66001B6EC5 /* network */ = {
			isa = PBXGroup;
			children = (
				5604930926D4F34D00268D3E /* File.swift */,
			);
			path = network;
			sourceTree = "<group>";
		};
		5669EFA926D39A6F001B6EC5 /* modules */ = {
			isa = PBXGroup;
			children = (
				56606B2126E109C6008E67E2 /* filter */,
				56C465A026DE9942002B7A89 /* history */,
				5669EFAA26D39A7D001B6EC5 /* search */,
			);
			path = modules;
			sourceTree = "<group>";
		};
		5669EFAA26D39A7D001B6EC5 /* search */ = {
			isa = PBXGroup;
			children = (
				56D0350326D3B90A00863BBA /* SearchProtocols.swift */,
				5669EFAB26D39A8E001B6EC5 /* view */,
				5669EFAD26D39AC4001B6EC5 /* presenter */,
				56D034EA26D3B3B500863BBA /* router */,
				5669EFAC26D39ABB001B6EC5 /* interactor */,
				56D034E926D3B3AD00863BBA /* entity */,
			);
			path = search;
			sourceTree = "<group>";
		};
		5669EFAB26D39A8E001B6EC5 /* view */ = {
			isa = PBXGroup;
			children = (
				56D034F326D3B46900863BBA /* cells */,
				5669EFF126D3A7C1001B6EC5 /* Search.storyboard */,
				56D034EB26D3B43D00863BBA /* SearchViewController.swift */,
			);
			path = view;
			sourceTree = "<group>";
		};
		5669EFAC26D39ABB001B6EC5 /* interactor */ = {
			isa = PBXGroup;
			children = (
				56D034F426D3B51E00863BBA /* SearchInteractor.swift */,
			);
			path = interactor;
			sourceTree = "<group>";
		};
		5669EFAD26D39AC4001B6EC5 /* presenter */ = {
			isa = PBXGroup;
			children = (
				56D034F926D3B57500863BBA /* SearchPresenter.swift */,
			);
			path = presenter;
			sourceTree = "<group>";
		};
		567B75A826D29CE400AF0EFA = {
			isa = PBXGroup;
			children = (
				567B75B326D29CE500AF0EFA /* Recipe */,
				567B75CA26D29D0300AF0EFA /* RecipeTests */,
				567B75D526D29D0400AF0EFA /* RecipeUITests */,
				567B75B226D29CE500AF0EFA /* Products */,
				13DF4107A574F929662A398E /* Pods */,
				F2380B6CF329B867C661913A /* Frameworks */,
			);
			sourceTree = "<group>";
		};
		567B75B226D29CE500AF0EFA /* Products */ = {
			isa = PBXGroup;
			children = (
				567B75B126D29CE500AF0EFA /* Recipe.app */,
				567B75C726D29D0300AF0EFA /* RecipeTests.xctest */,
				567B75D226D29D0400AF0EFA /* RecipeUITests.xctest */,
			);
			name = Products;
			sourceTree = "<group>";
		};
		567B75B326D29CE500AF0EFA /* Recipe */ = {
			isa = PBXGroup;
			children = (
				5669EFA726D39A59001B6EC5 /* utils */,
				5669EFA826D39A66001B6EC5 /* network */,
				5669EFA926D39A6F001B6EC5 /* modules */,
				567B75B426D29CE500AF0EFA /* AppDelegate.swift */,
				567B75B626D29CE500AF0EFA /* SceneDelegate.swift */,
				567B75B826D29CE500AF0EFA /* ViewController.swift */,
				567B75BA26D29CE500AF0EFA /* Main.storyboard */,
				567B75BD26D29D0300AF0EFA /* Assets.xcassets */,
				567B75C226D29D0300AF0EFA /* Info.plist */,
			);
			path = Recipe;
			sourceTree = "<group>";
		};
		567B75CA26D29D0300AF0EFA /* RecipeTests */ = {
			isa = PBXGroup;
			children = (
				567B75CB26D29D0300AF0EFA /* RecipeTests.swift */,
				567B75CD26D29D0300AF0EFA /* Info.plist */,
			);
			path = RecipeTests;
			sourceTree = "<group>";
		};
		567B75D526D29D0400AF0EFA /* RecipeUITests */ = {
			isa = PBXGroup;
			children = (
				567B75D626D29D0400AF0EFA /* RecipeUITests.swift */,
				567B75D826D29D0400AF0EFA /* Info.plist */,
			);
			path = RecipeUITests;
			sourceTree = "<group>";
		};
		56C465A026DE9942002B7A89 /* history */ = {
			isa = PBXGroup;
			children = (
				56606B2226E109D6008E67E2 /* view */,
				56606B2326E109E0008E67E2 /* presenter */,
			);
			path = history;
			sourceTree = "<group>";
		};
		56D034E926D3B3AD00863BBA /* entity */ = {
			isa = PBXGroup;
			children = (
				565EEEA926D551FE00AF60A7 /* SearchModel.swift */,
			);
			path = entity;
			sourceTree = "<group>";
		};
		56D034EA26D3B3B500863BBA /* router */ = {
			isa = PBXGroup;
			children = (
				56D034FE26D3B59900863BBA /* SearchRouter.swift */,
			);
			path = router;
			sourceTree = "<group>";
		};
		56D034F326D3B46900863BBA /* cells */ = {
			isa = PBXGroup;
			children = (
				562EF67326DD22E200336DB3 /* SearchTableViewCell.swift */,
				562EF67426DD22E200336DB3 /* SearchTableViewCell.xib */,
			);
			path = cells;
			sourceTree = "<group>";
		};
		F2380B6CF329B867C661913A /* Frameworks */ = {
			isa = PBXGroup;
			children = (
				F6011568FE0E9DB2886165AA /* Pods_Recipe.framework */,
				FAFC639A94B44869394C295E /* Pods_Recipe_RecipeUITests.framework */,
				630CA4E16075B34E0BDFBD65 /* Pods_RecipeTests.framework */,
			);
			name = Frameworks;
			sourceTree = "<group>";
		};
/* End PBXGroup section */

/* Begin PBXNativeTarget section */
		567B75B026D29CE500AF0EFA /* Recipe */ = {
			isa = PBXNativeTarget;
			buildConfigurationList = 567B75DB26D29D0400AF0EFA /* Build configuration list for PBXNativeTarget "Recipe" */;
			buildPhases = (
				8553EDD4607234194418CFFF /* [CP] Check Pods Manifest.lock */,
				567B75AD26D29CE500AF0EFA /* Sources */,
				567B75AE26D29CE500AF0EFA /* Frameworks */,
				567B75AF26D29CE500AF0EFA /* Resources */,
				9F952EF8FBA6F7318AB61A93 /* [CP] Embed Pods Frameworks */,
			);
			buildRules = (
			);
			dependencies = (
			);
			name = Recipe;
			productName = Recipe;
			productReference = 567B75B126D29CE500AF0EFA /* Recipe.app */;
			productType = "com.apple.product-type.application";
		};
		567B75C626D29D0300AF0EFA /* RecipeTests */ = {
			isa = PBXNativeTarget;
			buildConfigurationList = 567B75DE26D29D0400AF0EFA /* Build configuration list for PBXNativeTarget "RecipeTests" */;
			buildPhases = (
				FBEEAEFB1D88C00B19FC3002 /* [CP] Check Pods Manifest.lock */,
				567B75C326D29D0300AF0EFA /* Sources */,
				567B75C426D29D0300AF0EFA /* Frameworks */,
				567B75C526D29D0300AF0EFA /* Resources */,
			);
			buildRules = (
			);
			dependencies = (
				567B75C926D29D0300AF0EFA /* PBXTargetDependency */,
			);
			name = RecipeTests;
			productName = RecipeTests;
			productReference = 567B75C726D29D0300AF0EFA /* RecipeTests.xctest */;
			productType = "com.apple.product-type.bundle.unit-test";
		};
		567B75D126D29D0400AF0EFA /* RecipeUITests */ = {
			isa = PBXNativeTarget;
			buildConfigurationList = 567B75E126D29D0400AF0EFA /* Build configuration list for PBXNativeTarget "RecipeUITests" */;
			buildPhases = (
				C2FF77815626ABCF8BF8BE5D /* [CP] Check Pods Manifest.lock */,
				567B75CE26D29D0400AF0EFA /* Sources */,
				567B75CF26D29D0400AF0EFA /* Frameworks */,
				567B75D026D29D0400AF0EFA /* Resources */,
				0AE023785F3C0C51B8601804 /* [CP] Embed Pods Frameworks */,
			);
			buildRules = (
			);
			dependencies = (
				567B75D426D29D0400AF0EFA /* PBXTargetDependency */,
			);
			name = RecipeUITests;
			productName = RecipeUITests;
			productReference = 567B75D226D29D0400AF0EFA /* RecipeUITests.xctest */;
			productType = "com.apple.product-type.bundle.ui-testing";
		};
/* End PBXNativeTarget section */

/* Begin PBXProject section */
		567B75A926D29CE400AF0EFA /* Project object */ = {
			isa = PBXProject;
			attributes = {
				LastSwiftUpdateCheck = 1240;
				LastUpgradeCheck = 1240;
				TargetAttributes = {
					567B75B026D29CE500AF0EFA = {
						CreatedOnToolsVersion = 12.4;
					};
					567B75C626D29D0300AF0EFA = {
						CreatedOnToolsVersion = 12.4;
						TestTargetID = 567B75B026D29CE500AF0EFA;
					};
					567B75D126D29D0400AF0EFA = {
						CreatedOnToolsVersion = 12.4;
						TestTargetID = 567B75B026D29CE500AF0EFA;
					};
				};
			};
			buildConfigurationList = 567B75AC26D29CE400AF0EFA /* Build configuration list for PBXProject "Recipe" */;
			compatibilityVersion = "Xcode 9.3";
			developmentRegion = en;
			hasScannedForEncodings = 0;
			knownRegions = (
				en,
				Base,
			);
			mainGroup = 567B75A826D29CE400AF0EFA;
			productRefGroup = 567B75B226D29CE500AF0EFA /* Products */;
			projectDirPath = "";
			projectRoot = "";
			targets = (
				567B75B026D29CE500AF0EFA /* Recipe */,
				567B75C626D29D0300AF0EFA /* RecipeTests */,
				567B75D126D29D0400AF0EFA /* RecipeUITests */,
			);
		};
/* End PBXProject section */

/* Begin PBXResourcesBuildPhase section */
		567B75AF26D29CE500AF0EFA /* Resources */ = {
			isa = PBXResourcesBuildPhase;
			buildActionMask = 2147483647;
			files = (
				567B75BE26D29D0300AF0EFA /* Assets.xcassets in Resources */,
				562EF67626DD22E200336DB3 /* SearchTableViewCell.xib in Resources */,
				565B11D426E4BEDE00F98DD9 /* Filter.storyboard in Resources */,
				567B75BC26D29CE500AF0EFA /* Main.storyboard in Resources */,
				565B11D226E4B10A00F98DD9 /* History.storyboard in Resources */,
				5669EFF226D3A7C1001B6EC5 /* Search.storyboard in Resources */,
			);
			runOnlyForDeploymentPostprocessing = 0;
		};
		567B75C526D29D0300AF0EFA /* Resources */ = {
			isa = PBXResourcesBuildPhase;
			buildActionMask = 2147483647;
			files = (
			);
			runOnlyForDeploymentPostprocessing = 0;
		};
		567B75D026D29D0400AF0EFA /* Resources */ = {
			isa = PBXResourcesBuildPhase;
			buildActionMask = 2147483647;
			files = (
			);
			runOnlyForDeploymentPostprocessing = 0;
		};
/* End PBXResourcesBuildPhase section */

/* Begin PBXShellScriptBuildPhase section */
		0AE023785F3C0C51B8601804 /* [CP] Embed Pods Frameworks */ = {
			isa = PBXShellScriptBuildPhase;
			buildActionMask = 2147483647;
			files = (
			);
			inputFileListPaths = (
				"${PODS_ROOT}/Target Support Files/Pods-Recipe-RecipeUITests/Pods-Recipe-RecipeUITests-frameworks-${CONFIGURATION}-input-files.xcfilelist",
			);
			name = "[CP] Embed Pods Frameworks";
			outputFileListPaths = (
				"${PODS_ROOT}/Target Support Files/Pods-Recipe-RecipeUITests/Pods-Recipe-RecipeUITests-frameworks-${CONFIGURATION}-output-files.xcfilelist",
			);
			runOnlyForDeploymentPostprocessing = 0;
			shellPath = /bin/sh;
			shellScript = "\"${PODS_ROOT}/Target Support Files/Pods-Recipe-RecipeUITests/Pods-Recipe-RecipeUITests-frameworks.sh\"\n";
			showEnvVarsInLog = 0;
		};
		8553EDD4607234194418CFFF /* [CP] Check Pods Manifest.lock */ = {
			isa = PBXShellScriptBuildPhase;
			buildActionMask = 2147483647;
			files = (
			);
			inputFileListPaths = (
			);
			inputPaths = (
				"${PODS_PODFILE_DIR_PATH}/Podfile.lock",
				"${PODS_ROOT}/Manifest.lock",
			);
			name = "[CP] Check Pods Manifest.lock";
			outputFileListPaths = (
			);
			outputPaths = (
				"$(DERIVED_FILE_DIR)/Pods-Recipe-checkManifestLockResult.txt",
			);
			runOnlyForDeploymentPostprocessing = 0;
			shellPath = /bin/sh;
			shellScript = "diff \"${PODS_PODFILE_DIR_PATH}/Podfile.lock\" \"${PODS_ROOT}/Manifest.lock\" > /dev/null\nif [ $? != 0 ] ; then\n    # print error to STDERR\n    echo \"error: The sandbox is not in sync with the Podfile.lock. Run 'pod install' or update your CocoaPods installation.\" >&2\n    exit 1\nfi\n# This output is used by Xcode 'outputs' to avoid re-running this script phase.\necho \"SUCCESS\" > \"${SCRIPT_OUTPUT_FILE_0}\"\n";
			showEnvVarsInLog = 0;
		};
		9F952EF8FBA6F7318AB61A93 /* [CP] Embed Pods Frameworks */ = {
			isa = PBXShellScriptBuildPhase;
			buildActionMask = 2147483647;
			files = (
			);
			inputFileListPaths = (
				"${PODS_ROOT}/Target Support Files/Pods-Recipe/Pods-Recipe-frameworks-${CONFIGURATION}-input-files.xcfilelist",
			);
			name = "[CP] Embed Pods Frameworks";
			outputFileListPaths = (
				"${PODS_ROOT}/Target Support Files/Pods-Recipe/Pods-Recipe-frameworks-${CONFIGURATION}-output-files.xcfilelist",
			);
			runOnlyForDeploymentPostprocessing = 0;
			shellPath = /bin/sh;
			shellScript = "\"${PODS_ROOT}/Target Support Files/Pods-Recipe/Pods-Recipe-frameworks.sh\"\n";
			showEnvVarsInLog = 0;
		};
		C2FF77815626ABCF8BF8BE5D /* [CP] Check Pods Manifest.lock */ = {
			isa = PBXShellScriptBuildPhase;
			buildActionMask = 2147483647;
			files = (
			);
			inputFileListPaths = (
			);
			inputPaths = (
				"${PODS_PODFILE_DIR_PATH}/Podfile.lock",
				"${PODS_ROOT}/Manifest.lock",
			);
			name = "[CP] Check Pods Manifest.lock";
			outputFileListPaths = (
			);
			outputPaths = (
				"$(DERIVED_FILE_DIR)/Pods-Recipe-RecipeUITests-checkManifestLockResult.txt",
			);
			runOnlyForDeploymentPostprocessing = 0;
			shellPath = /bin/sh;
			shellScript = "diff \"${PODS_PODFILE_DIR_PATH}/Podfile.lock\" \"${PODS_ROOT}/Manifest.lock\" > /dev/null\nif [ $? != 0 ] ; then\n    # print error to STDERR\n    echo \"error: The sandbox is not in sync with the Podfile.lock. Run 'pod install' or update your CocoaPods installation.\" >&2\n    exit 1\nfi\n# This output is used by Xcode 'outputs' to avoid re-running this script phase.\necho \"SUCCESS\" > \"${SCRIPT_OUTPUT_FILE_0}\"\n";
			showEnvVarsInLog = 0;
		};
		FBEEAEFB1D88C00B19FC3002 /* [CP] Check Pods Manifest.lock */ = {
			isa = PBXShellScriptBuildPhase;
			buildActionMask = 2147483647;
			files = (
			);
			inputFileListPaths = (
			);
			inputPaths = (
				"${PODS_PODFILE_DIR_PATH}/Podfile.lock",
				"${PODS_ROOT}/Manifest.lock",
			);
			name = "[CP] Check Pods Manifest.lock";
			outputFileListPaths = (
			);
			outputPaths = (
				"$(DERIVED_FILE_DIR)/Pods-RecipeTests-checkManifestLockResult.txt",
			);
			runOnlyForDeploymentPostprocessing = 0;
			shellPath = /bin/sh;
			shellScript = "diff \"${PODS_PODFILE_DIR_PATH}/Podfile.lock\" \"${PODS_ROOT}/Manifest.lock\" > /dev/null\nif [ $? != 0 ] ; then\n    # print error to STDERR\n    echo \"error: The sandbox is not in sync with the Podfile.lock. Run 'pod install' or update your CocoaPods installation.\" >&2\n    exit 1\nfi\n# This output is used by Xcode 'outputs' to avoid re-running this script phase.\necho \"SUCCESS\" > \"${SCRIPT_OUTPUT_FILE_0}\"\n";
			showEnvVarsInLog = 0;
		};
/* End PBXShellScriptBuildPhase section */

/* Begin PBXSourcesBuildPhase section */
		567B75AD26D29CE500AF0EFA /* Sources */ = {
			isa = PBXSourcesBuildPhase;
			buildActionMask = 2147483647;
			files = (
				565B11D826E5007C00F98DD9 /* FilterViewController.swift in Sources */,
				567B75B926D29CE500AF0EFA /* ViewController.swift in Sources */,
				567B75B526D29CE500AF0EFA /* AppDelegate.swift in Sources */,
				565B11DA26E504AD00F98DD9 /* FilterPresenter.swift in Sources */,
				56D034FA26D3B57500863BBA /* SearchPresenter.swift in Sources */,
				565B11D626E4EE2300F98DD9 /* HistoryPresenter.swift in Sources */,
				56C465A226DE99AD002B7A89 /* HistoryViewController.swift in Sources */,
				565EEEAA26D551FE00AF60A7 /* SearchModel.swift in Sources */,
				562EF67526DD22E200336DB3 /* SearchTableViewCell.swift in Sources */,
				56D0350426D3B90A00863BBA /* SearchProtocols.swift in Sources */,
				56D034FF26D3B59900863BBA /* SearchRouter.swift in Sources */,
				56D034EC26D3B43D00863BBA /* SearchViewController.swift in Sources */,
				567B75B726D29CE500AF0EFA /* SceneDelegate.swift in Sources */,
				5604930A26D4F34D00268D3E /* File.swift in Sources */,
				56D034F526D3B51E00863BBA /* SearchInteractor.swift in Sources */,
			);
			runOnlyForDeploymentPostprocessing = 0;
		};
		567B75C326D29D0300AF0EFA /* Sources */ = {
			isa = PBXSourcesBuildPhase;
			buildActionMask = 2147483647;
			files = (
				567B75CC26D29D0300AF0EFA /* RecipeTests.swift in Sources */,
			);
			runOnlyForDeploymentPostprocessing = 0;
		};
		567B75CE26D29D0400AF0EFA /* Sources */ = {
			isa = PBXSourcesBuildPhase;
			buildActionMask = 2147483647;
			files = (
				567B75D726D29D0400AF0EFA /* RecipeUITests.swift in Sources */,
			);
			runOnlyForDeploymentPostprocessing = 0;
		};
/* End PBXSourcesBuildPhase section */

/* Begin PBXTargetDependency section */
		567B75C926D29D0300AF0EFA /* PBXTargetDependency */ = {
			isa = PBXTargetDependency;
			target = 567B75B026D29CE500AF0EFA /* Recipe */;
			targetProxy = 567B75C826D29D0300AF0EFA /* PBXContainerItemProxy */;
		};
		567B75D426D29D0400AF0EFA /* PBXTargetDependency */ = {
			isa = PBXTargetDependency;
			target = 567B75B026D29CE500AF0EFA /* Recipe */;
			targetProxy = 567B75D326D29D0400AF0EFA /* PBXContainerItemProxy */;
		};
/* End PBXTargetDependency section */

/* Begin PBXVariantGroup section */
		567B75BA26D29CE500AF0EFA /* Main.storyboard */ = {
			isa = PBXVariantGroup;
			children = (
				567B75BB26D29CE500AF0EFA /* Base */,
			);
			name = Main.storyboard;
			sourceTree = "<group>";
		};
/* End PBXVariantGroup section */

/* Begin XCBuildConfiguration section */
		567B75D926D29D0400AF0EFA /* Debug */ = {
			isa = XCBuildConfiguration;
			buildSettings = {
				ALWAYS_SEARCH_USER_PATHS = NO;
				CLANG_ANALYZER_NONNULL = YES;
				CLANG_ANALYZER_NUMBER_OBJECT_CONVERSION = YES_AGGRESSIVE;
				CLANG_CXX_LANGUAGE_STANDARD = "gnu++14";
				CLANG_CXX_LIBRARY = "libc++";
				CLANG_ENABLE_MODULES = YES;
				CLANG_ENABLE_OBJC_ARC = YES;
				CLANG_ENABLE_OBJC_WEAK = YES;
				CLANG_WARN_BLOCK_CAPTURE_AUTORELEASING = YES;
				CLANG_WARN_BOOL_CONVERSION = YES;
				CLANG_WARN_COMMA = YES;
				CLANG_WARN_CONSTANT_CONVERSION = YES;
				CLANG_WARN_DEPRECATED_OBJC_IMPLEMENTATIONS = YES;
				CLANG_WARN_DIRECT_OBJC_ISA_USAGE = YES_ERROR;
				CLANG_WARN_DOCUMENTATION_COMMENTS = YES;
				CLANG_WARN_EMPTY_BODY = YES;
				CLANG_WARN_ENUM_CONVERSION = YES;
				CLANG_WARN_INFINITE_RECURSION = YES;
				CLANG_WARN_INT_CONVERSION = YES;
				CLANG_WARN_NON_LITERAL_NULL_CONVERSION = YES;
				CLANG_WARN_OBJC_IMPLICIT_RETAIN_SELF = YES;
				CLANG_WARN_OBJC_LITERAL_CONVERSION = YES;
				CLANG_WARN_OBJC_ROOT_CLASS = YES_ERROR;
				CLANG_WARN_QUOTED_INCLUDE_IN_FRAMEWORK_HEADER = YES;
				CLANG_WARN_RANGE_LOOP_ANALYSIS = YES;
				CLANG_WARN_STRICT_PROTOTYPES = YES;
				CLANG_WARN_SUSPICIOUS_MOVE = YES;
				CLANG_WARN_UNGUARDED_AVAILABILITY = YES_AGGRESSIVE;
				CLANG_WARN_UNREACHABLE_CODE = YES;
				CLANG_WARN__DUPLICATE_METHOD_MATCH = YES;
				COPY_PHASE_STRIP = NO;
				DEBUG_INFORMATION_FORMAT = dwarf;
				ENABLE_STRICT_OBJC_MSGSEND = YES;
				ENABLE_TESTABILITY = YES;
				GCC_C_LANGUAGE_STANDARD = gnu11;
				GCC_DYNAMIC_NO_PIC = NO;
				GCC_NO_COMMON_BLOCKS = YES;
				GCC_OPTIMIZATION_LEVEL = 0;
				GCC_PREPROCESSOR_DEFINITIONS = (
					"DEBUG=1",
					"$(inherited)",
				);
				GCC_WARN_64_TO_32_BIT_CONVERSION = YES;
				GCC_WARN_ABOUT_RETURN_TYPE = YES_ERROR;
				GCC_WARN_UNDECLARED_SELECTOR = YES;
				GCC_WARN_UNINITIALIZED_AUTOS = YES_AGGRESSIVE;
				GCC_WARN_UNUSED_FUNCTION = YES;
				GCC_WARN_UNUSED_VARIABLE = YES;
				IPHONEOS_DEPLOYMENT_TARGET = 14.4;
				MTL_ENABLE_DEBUG_INFO = INCLUDE_SOURCE;
				MTL_FAST_MATH = YES;
				ONLY_ACTIVE_ARCH = YES;
				SDKROOT = iphoneos;
				SWIFT_ACTIVE_COMPILATION_CONDITIONS = DEBUG;
				SWIFT_OPTIMIZATION_LEVEL = "-Onone";
			};
			name = Debug;
		};
		567B75DA26D29D0400AF0EFA /* Release */ = {
			isa = XCBuildConfiguration;
			buildSettings = {
				ALWAYS_SEARCH_USER_PATHS = NO;
				CLANG_ANALYZER_NONNULL = YES;
				CLANG_ANALYZER_NUMBER_OBJECT_CONVERSION = YES_AGGRESSIVE;
				CLANG_CXX_LANGUAGE_STANDARD = "gnu++14";
				CLANG_CXX_LIBRARY = "libc++";
				CLANG_ENABLE_MODULES = YES;
				CLANG_ENABLE_OBJC_ARC = YES;
				CLANG_ENABLE_OBJC_WEAK = YES;
				CLANG_WARN_BLOCK_CAPTURE_AUTORELEASING = YES;
				CLANG_WARN_BOOL_CONVERSION = YES;
				CLANG_WARN_COMMA = YES;
				CLANG_WARN_CONSTANT_CONVERSION = YES;
				CLANG_WARN_DEPRECATED_OBJC_IMPLEMENTATIONS = YES;
				CLANG_WARN_DIRECT_OBJC_ISA_USAGE = YES_ERROR;
				CLANG_WARN_DOCUMENTATION_COMMENTS = YES;
				CLANG_WARN_EMPTY_BODY = YES;
				CLANG_WARN_ENUM_CONVERSION = YES;
				CLANG_WARN_INFINITE_RECURSION = YES;
				CLANG_WARN_INT_CONVERSION = YES;
				CLANG_WARN_NON_LITERAL_NULL_CONVERSION = YES;
				CLANG_WARN_OBJC_IMPLICIT_RETAIN_SELF = YES;
				CLANG_WARN_OBJC_LITERAL_CONVERSION = YES;
				CLANG_WARN_OBJC_ROOT_CLASS = YES_ERROR;
				CLANG_WARN_QUOTED_INCLUDE_IN_FRAMEWORK_HEADER = YES;
				CLANG_WARN_RANGE_LOOP_ANALYSIS = YES;
				CLANG_WARN_STRICT_PROTOTYPES = YES;
				CLANG_WARN_SUSPICIOUS_MOVE = YES;
				CLANG_WARN_UNGUARDED_AVAILABILITY = YES_AGGRESSIVE;
				CLANG_WARN_UNREACHABLE_CODE = YES;
				CLANG_WARN__DUPLICATE_METHOD_MATCH = YES;
				COPY_PHASE_STRIP = NO;
				DEBUG_INFORMATION_FORMAT = "dwarf-with-dsym";
				ENABLE_NS_ASSERTIONS = NO;
				ENABLE_STRICT_OBJC_MSGSEND = YES;
				GCC_C_LANGUAGE_STANDARD = gnu11;
				GCC_NO_COMMON_BLOCKS = YES;
				GCC_WARN_64_TO_32_BIT_CONVERSION = YES;
				GCC_WARN_ABOUT_RETURN_TYPE = YES_ERROR;
				GCC_WARN_UNDECLARED_SELECTOR = YES;
				GCC_WARN_UNINITIALIZED_AUTOS = YES_AGGRESSIVE;
				GCC_WARN_UNUSED_FUNCTION = YES;
				GCC_WARN_UNUSED_VARIABLE = YES;
				IPHONEOS_DEPLOYMENT_TARGET = 14.4;
				MTL_ENABLE_DEBUG_INFO = NO;
				MTL_FAST_MATH = YES;
				SDKROOT = iphoneos;
				SWIFT_COMPILATION_MODE = wholemodule;
				SWIFT_OPTIMIZATION_LEVEL = "-O";
				VALIDATE_PRODUCT = YES;
			};
			name = Release;
		};
		567B75DC26D29D0400AF0EFA /* Debug */ = {
			isa = XCBuildConfiguration;
			baseConfigurationReference = DCD313EAB1985439F97EB95A /* Pods-Recipe.debug.xcconfig */;
			buildSettings = {
				ASSETCATALOG_COMPILER_APPICON_NAME = AppIcon;
				ASSETCATALOG_COMPILER_GLOBAL_ACCENT_COLOR_NAME = AccentColor;
				CODE_SIGN_STYLE = Automatic;
				INFOPLIST_FILE = Recipe/Info.plist;
				LD_RUNPATH_SEARCH_PATHS = (
					"$(inherited)",
					"@executable_path/Frameworks",
				);
				PRODUCT_BUNDLE_IDENTIFIER = "com.Softxpert.Recipe-Search-Demo.Recipe";
				PRODUCT_NAME = "$(TARGET_NAME)";
				SWIFT_VERSION = 5.0;
				TARGETED_DEVICE_FAMILY = "1,2";
			};
			name = Debug;
		};
		567B75DD26D29D0400AF0EFA /* Release */ = {
			isa = XCBuildConfiguration;
			baseConfigurationReference = 9384D139ABD2C7D4AA07817A /* Pods-Recipe.release.xcconfig */;
			buildSettings = {
				ASSETCATALOG_COMPILER_APPICON_NAME = AppIcon;
				ASSETCATALOG_COMPILER_GLOBAL_ACCENT_COLOR_NAME = AccentColor;
				CODE_SIGN_STYLE = Automatic;
				INFOPLIST_FILE = Recipe/Info.plist;
				LD_RUNPATH_SEARCH_PATHS = (
					"$(inherited)",
					"@executable_path/Frameworks",
				);
				PRODUCT_BUNDLE_IDENTIFIER = "com.Softxpert.Recipe-Search-Demo.Recipe";
				PRODUCT_NAME = "$(TARGET_NAME)";
				SWIFT_VERSION = 5.0;
				TARGETED_DEVICE_FAMILY = "1,2";
			};
			name = Release;
		};
		567B75DF26D29D0400AF0EFA /* Debug */ = {
			isa = XCBuildConfiguration;
			baseConfigurationReference = 8E4B58B41DB3D452D7B11B5E /* Pods-RecipeTests.debug.xcconfig */;
			buildSettings = {
				ALWAYS_EMBED_SWIFT_STANDARD_LIBRARIES = YES;
				BUNDLE_LOADER = "$(TEST_HOST)";
				CODE_SIGN_STYLE = Automatic;
				INFOPLIST_FILE = RecipeTests/Info.plist;
				IPHONEOS_DEPLOYMENT_TARGET = 14.4;
				LD_RUNPATH_SEARCH_PATHS = (
					"$(inherited)",
					"@executable_path/Frameworks",
					"@loader_path/Frameworks",
				);
				PRODUCT_BUNDLE_IDENTIFIER = "com.Softxpert.Recipe-Search-Demo.RecipeTests";
				PRODUCT_NAME = "$(TARGET_NAME)";
				SWIFT_VERSION = 5.0;
				TARGETED_DEVICE_FAMILY = "1,2";
				TEST_HOST = "$(BUILT_PRODUCTS_DIR)/Recipe.app/Recipe";
			};
			name = Debug;
		};
		567B75E026D29D0400AF0EFA /* Release */ = {
			isa = XCBuildConfiguration;
			baseConfigurationReference = ED0B78197E6861E9E72B2AD0 /* Pods-RecipeTests.release.xcconfig */;
			buildSettings = {
				ALWAYS_EMBED_SWIFT_STANDARD_LIBRARIES = YES;
				BUNDLE_LOADER = "$(TEST_HOST)";
				CODE_SIGN_STYLE = Automatic;
				INFOPLIST_FILE = RecipeTests/Info.plist;
				IPHONEOS_DEPLOYMENT_TARGET = 14.4;
				LD_RUNPATH_SEARCH_PATHS = (
					"$(inherited)",
					"@executable_path/Frameworks",
					"@loader_path/Frameworks",
				);
				PRODUCT_BUNDLE_IDENTIFIER = "com.Softxpert.Recipe-Search-Demo.RecipeTests";
				PRODUCT_NAME = "$(TARGET_NAME)";
				SWIFT_VERSION = 5.0;
				TARGETED_DEVICE_FAMILY = "1,2";
				TEST_HOST = "$(BUILT_PRODUCTS_DIR)/Recipe.app/Recipe";
			};
			name = Release;
		};
		567B75E226D29D0400AF0EFA /* Debug */ = {
			isa = XCBuildConfiguration;
			baseConfigurationReference = 2B03ACC50B1246029F6B75F4 /* Pods-Recipe-RecipeUITests.debug.xcconfig */;
			buildSettings = {
				ALWAYS_EMBED_SWIFT_STANDARD_LIBRARIES = YES;
				CODE_SIGN_STYLE = Automatic;
				INFOPLIST_FILE = RecipeUITests/Info.plist;
				LD_RUNPATH_SEARCH_PATHS = (
					"$(inherited)",
					"@executable_path/Frameworks",
					"@loader_path/Frameworks",
				);
				PRODUCT_BUNDLE_IDENTIFIER = "com.Softxpert.Recipe-Search-Demo.RecipeUITests";
				PRODUCT_NAME = "$(TARGET_NAME)";
				SWIFT_VERSION = 5.0;
				TARGETED_DEVICE_FAMILY = "1,2";
				TEST_TARGET_NAME = Recipe;
			};
			name = Debug;
		};
		567B75E326D29D0400AF0EFA /* Release */ = {
			isa = XCBuildConfiguration;
			baseConfigurationReference = 8001859DE6D9ABFAB4839240 /* Pods-Recipe-RecipeUITests.release.xcconfig */;
			buildSettings = {
				ALWAYS_EMBED_SWIFT_STANDARD_LIBRARIES = YES;
				CODE_SIGN_STYLE = Automatic;
				INFOPLIST_FILE = RecipeUITests/Info.plist;
				LD_RUNPATH_SEARCH_PATHS = (
					"$(inherited)",
					"@executable_path/Frameworks",
					"@loader_path/Frameworks",
				);
				PRODUCT_BUNDLE_IDENTIFIER = "com.Softxpert.Recipe-Search-Demo.RecipeUITests";
				PRODUCT_NAME = "$(TARGET_NAME)";
				SWIFT_VERSION = 5.0;
				TARGETED_DEVICE_FAMILY = "1,2";
				TEST_TARGET_NAME = Recipe;
			};
			name = Release;
		};
/* End XCBuildConfiguration section */

/* Begin XCConfigurationList section */
		567B75AC26D29CE400AF0EFA /* Build configuration list for PBXProject "Recipe" */ = {
			isa = XCConfigurationList;
			buildConfigurations = (
				567B75D926D29D0400AF0EFA /* Debug */,
				567B75DA26D29D0400AF0EFA /* Release */,
			);
			defaultConfigurationIsVisible = 0;
			defaultConfigurationName = Release;
		};
		567B75DB26D29D0400AF0EFA /* Build configuration list for PBXNativeTarget "Recipe" */ = {
			isa = XCConfigurationList;
			buildConfigurations = (
				567B75DC26D29D0400AF0EFA /* Debug */,
				567B75DD26D29D0400AF0EFA /* Release */,
			);
			defaultConfigurationIsVisible = 0;
			defaultConfigurationName = Release;
		};
		567B75DE26D29D0400AF0EFA /* Build configuration list for PBXNativeTarget "RecipeTests" */ = {
			isa = XCConfigurationList;
			buildConfigurations = (
				567B75DF26D29D0400AF0EFA /* Debug */,
				567B75E026D29D0400AF0EFA /* Release */,
			);
			defaultConfigurationIsVisible = 0;
			defaultConfigurationName = Release;
		};
		567B75E126D29D0400AF0EFA /* Build configuration list for PBXNativeTarget "RecipeUITests" */ = {
			isa = XCConfigurationList;
			buildConfigurations = (
				567B75E226D29D0400AF0EFA /* Debug */,
				567B75E326D29D0400AF0EFA /* Release */,
			);
			defaultConfigurationIsVisible = 0;
			defaultConfigurationName = Release;
		};
/* End XCConfigurationList section */
	};
	rootObject = 567B75A926D29CE400AF0EFA /* Project object */;
}
