PODS:
  - Alamofire (5.4.3)
  - Kingfisher (6.3.1)

DEPENDENCIES:
  - Alamofire (~> 5.4)
  - Kingfisher (~> 6.0)

SPEC REPOS:
  trunk:
    - Alamofire
    - Kingfisher

SPEC CHECKSUMS:
  Alamofire: e447a2774a40c996748296fa2c55112fdbbc42f9
  Kingfisher: 016c8b653a35add51dd34a3aba36b580041acc74

PODFILE CHECKSUM: e961538baf77011b5fd4a4c9b78b14d2fc241bfc

COCOAPODS: 1.10.2
